
Microsoft Visual Studio Solution File, Format Version 12.00
# Visual Studio 15
VisualStudioVersion = 15.0.27428.2015
MinimumVisualStudioVersion = 10.0.40219.1
Project("{FAE04EC0-301F-11D3-BF4B-00C04F79EFBC}") = "TheHotelApp", "TheHotelApp\TheHotelApp.csproj", "{E0E61449-BC68-4922-BBE6-2AD00B3F2292}"
EndProject
Global
	GlobalSection(SolutionConfigurationPlatforms) = preSolution
		Debug|Any CPU = Debug|Any CPU
		Release|Any CPU = Release|Any CPU
	EndGlobalSection
	GlobalSection(ProjectConfigurationPlatforms) = postSolution
		{E0E61449-BC68-4922-BBE6-2AD00B3F2292}.Debug|Any CPU.ActiveCfg = Debug|Any CPU
		{E0E61449-BC68-4922-BBE6-2AD00B3F2292}.Debug|Any CPU.Build.0 = Debug|Any CPU
		{E0E61449-BC68-4922-BBE6-2AD00B3F2292}.Release|Any CPU.ActiveCfg = Release|Any CPU
		{E0E61449-BC68-4922-BBE6-2AD00B3F2292}.Release|Any CPU.Build.0 = Release|Any CPU
	EndGlobalSection
	GlobalSection(SolutionProperties) = preSolution
		HideSolutionNode = FALSE
	EndGlobalSection
	GlobalSection(ExtensibilityGlobals) = postSolution
		SolutionGuid = {B108ADFF-C753-4EB4-8E60-79FD0F5ED4C9}
	EndGlobalSection
EndGlobal
